Microsoft Visual Studio Solution File, Format Version 12.00
# Visual Studio Version 17
VisualStudioVersion = 17.5.2.0
MinimumVisualStudioVersion = 10.0.40219.1
Project("{FAE04EC0-301F-11D3-BF4B-00C04F79EFBC}") = "parish-ministry-scheduler-backend", "parish-ministry-scheduler-backend.csproj", "{18D4F84A-2304-AA1E-6896-713EED96CA3C}"
EndProject
Global
	GlobalSection(SolutionConfigurationPlatforms) = preSolution
		Debug|Any CPU = Debug|Any CPU
		Release|Any CPU = Release|Any CPU
	EndGlobalSection
	GlobalSection(ProjectConfigurationPlatforms) = postSolution
		{18D4F84A-2304-AA1E-6896-713EED96CA3C}.Debug|Any CPU.ActiveCfg = Debug|Any CPU
		{18D4F84A-2304-AA1E-6896-713EED96CA3C}.Debug|Any CPU.Build.0 = Debug|Any CPU
		{18D4F84A-2304-AA1E-6896-713EED96CA3C}.Release|Any CPU.ActiveCfg = Release|Any CPU
		{18D4F84A-2304-AA1E-6896-713EED96CA3C}.Release|Any CPU.Build.0 = Release|Any CPU
	EndGlobalSection
	GlobalSection(SolutionProperties) = preSolution
		HideSolutionNode = FALSE
	EndGlobalSection
	GlobalSection(ExtensibilityGlobals) = postSolution
		SolutionGuid = {A9267828-0C7E-4487-A668-545AF65F7019}
	EndGlobalSection
EndGlobal
